
Microsoft Visual Studio Solution File, Format Version 12.00
# Visual Studio Version 16
VisualStudioVersion = 16.0.29215.179
MinimumVisualStudioVersion = 10.0.40219.1
Project("{FAE04EC0-301F-11D3-BF4B-00C04F79EFBC}") = "Sel.TestAuto", "Sel.TestAuto\Sel.TestAuto.csproj", "{BA5334B3-8C45-4276-9F53-3358422391E7}"
EndProject
Global
	GlobalSection(SolutionConfigurationPlatforms) = preSolution
		Debug|Any CPU = Debug|Any CPU
		Release|Any CPU = Release|Any CPU
	EndGlobalSection
	GlobalSection(ProjectConfigurationPlatforms) = postSolution
		{BA5334B3-8C45-4276-9F53-3358422391E7}.Debug|Any CPU.ActiveCfg = Debug|Any CPU
		{BA5334B3-8C45-4276-9F53-3358422391E7}.Debug|Any CPU.Build.0 = Debug|Any CPU
		{BA5334B3-8C45-4276-9F53-3358422391E7}.Release|Any CPU.ActiveCfg = Release|Any CPU
		{BA5334B3-8C45-4276-9F53-3358422391E7}.Release|Any CPU.Build.0 = Release|Any CPU
	EndGlobalSection
	GlobalSection(SolutionProperties) = preSolution
		HideSolutionNode = FALSE
	EndGlobalSection
	GlobalSection(ExtensibilityGlobals) = postSolution
		SolutionGuid = {2AFF27F8-117F-47D3-900C-D2D459CCF01E}
	EndGlobalSection
EndGlobal
